
Microsoft Visual Studio Solution File, Format Version 12.00
# Visual Studio Version 16
VisualStudioVersion = 16.0.29519.87
MinimumVisualStudioVersion = 10.0.40219.1
Project("{FAE04EC0-301F-11D3-BF4B-00C04F79EFBC}") = "task_3", "task_3.csproj", "{7C11C2EA-911E-403A-A85E-15ECB06A1C4A}"
EndProject
Global
	GlobalSection(SolutionConfigurationPlatforms) = preSolution
		Debug|Any CPU = Debug|Any CPU
		Release|Any CPU = Release|Any CPU
	EndGlobalSection
	GlobalSection(ProjectConfigurationPlatforms) = postSolution
		{7C11C2EA-911E-403A-A85E-15ECB06A1C4A}.Debug|Any CPU.ActiveCfg = Debug|Any CPU
		{7C11C2EA-911E-403A-A85E-15ECB06A1C4A}.Debug|Any CPU.Build.0 = Debug|Any CPU
		{7C11C2EA-911E-403A-A85E-15ECB06A1C4A}.Release|Any CPU.ActiveCfg = Release|Any CPU
		{7C11C2EA-911E-403A-A85E-15ECB06A1C4A}.Release|Any CPU.Build.0 = Release|Any CPU
	EndGlobalSection
	GlobalSection(SolutionProperties) = preSolution
		HideSolutionNode = FALSE
	EndGlobalSection
	GlobalSection(ExtensibilityGlobals) = postSolution
		SolutionGuid = {B4899E5C-CBBC-4D9D-90D4-22D47DAEBDD6}
	EndGlobalSection
EndGlobal
