
Microsoft Visual Studio Solution File, Format Version 12.00
# Visual Studio Version 16
VisualStudioVersion = 16.0.29519.87
MinimumVisualStudioVersion = 10.0.40219.1
Project("{FAE04EC0-301F-11D3-BF4B-00C04F79EFBC}") = "task_2 actual", "task_2 actual.csproj", "{96E6B9A5-2B77-4512-AB50-D446C8105561}"
EndProject
Global
	GlobalSection(SolutionConfigurationPlatforms) = preSolution
		Debug|Any CPU = Debug|Any CPU
		Release|Any CPU = Release|Any CPU
	EndGlobalSection
	GlobalSection(ProjectConfigurationPlatforms) = postSolution
		{96E6B9A5-2B77-4512-AB50-D446C8105561}.Debug|Any CPU.ActiveCfg = Debug|Any CPU
		{96E6B9A5-2B77-4512-AB50-D446C8105561}.Debug|Any CPU.Build.0 = Debug|Any CPU
		{96E6B9A5-2B77-4512-AB50-D446C8105561}.Release|Any CPU.ActiveCfg = Release|Any CPU
		{96E6B9A5-2B77-4512-AB50-D446C8105561}.Release|Any CPU.Build.0 = Release|Any CPU
	EndGlobalSection
	GlobalSection(SolutionProperties) = preSolution
		HideSolutionNode = FALSE
	EndGlobalSection
	GlobalSection(ExtensibilityGlobals) = postSolution
		SolutionGuid = {154C8E4E-5B5E-4349-8DA4-A09B9863AE45}
	EndGlobalSection
EndGlobal
